
Microsoft Visual Studio Solution File, Format Version 12.00
# Visual Studio Version 17
VisualStudioVersion = 17.3.32929.385
MinimumVisualStudioVersion = 10.0.40219.1
Project("{FAE04EC0-301F-11D3-BF4B-00C04F79EFBC}") = "SimpleFactory", "SimpleFactory\SimpleFactory.csproj", "{291A75E1-01C6-4ADE-8BEA-DA355C61AE7A}"
EndProject
Global
	GlobalSection(SolutionConfigurationPlatforms) = preSolution
		Debug|Any CPU = Debug|Any CPU
		Release|Any CPU = Release|Any CPU
	EndGlobalSection
	GlobalSection(ProjectConfigurationPlatforms) = postSolution
		{291A75E1-01C6-4ADE-8BEA-DA355C61AE7A}.Debug|Any CPU.ActiveCfg = Debug|Any CPU
		{291A75E1-01C6-4ADE-8BEA-DA355C61AE7A}.Debug|Any CPU.Build.0 = Debug|Any CPU
		{291A75E1-01C6-4ADE-8BEA-DA355C61AE7A}.Release|Any CPU.ActiveCfg = Release|Any CPU
		{291A75E1-01C6-4ADE-8BEA-DA355C61AE7A}.Release|Any CPU.Build.0 = Release|Any CPU
	EndGlobalSection
	GlobalSection(SolutionProperties) = preSolution
		HideSolutionNode = FALSE
	EndGlobalSection
	GlobalSection(ExtensibilityGlobals) = postSolution
		SolutionGuid = {B2B29E16-2210-4023-BB44-83C3752DF5E6}
	EndGlobalSection
EndGlobal
